{
  "name": "fetch-api",
  "version": "1.0.0",
  "lockfileVersion": 3,
  "requires": true,
  "packages": {
    "": {
      "name": "fetch-api",
      "version": "1.0.0",
      "license": "ISC",
      "dependencies": {
        "@silver-zepp/autogui": "^1.2.2-legacy",
        "@zapp-framework/core": "^0.2.0",
        "@zapp-framework/ui": "^0.2.0",
        "@zapp-framework/watch": "^0.2.0"
      },
      "devDependencies": {
        "@zeppos/device-types": "^1.0.0"
      }
    },
    "node_modules/@silver-zepp/autogui": {
      "version": "1.2.2-legacy",
      "resolved": "https://registry.npmjs.org/@silver-zepp/autogui/-/autogui-1.2.2-legacy.tgz",
      "integrity": "sha512-WktWTNHEBalVWKGd3ZsKjM1TsDP8aHqw9T+X/A8BaO4G3AVjOu4EPg1JgL7BQxDSxRG9wGhW/6CYQSbY0Y0iNg=="
    },
    "node_modules/@zapp-framework/core": {
      "version": "0.2.0",
      "resolved": "https://registry.npmjs.org/@zapp-framework/core/-/core-0.2.0.tgz",
      "integrity": "sha512-PuLJ7VYL3ky7VpddwkjoBOWJ7SBHbWG1He6UurRg7HfbiUh5lQRoBpwS9s7rAjCtzkQq8gSxe4O65NboQxmfhQ=="
    },
    "node_modules/@zapp-framework/ui": {
      "version": "0.2.0",
      "resolved": "https://registry.npmjs.org/@zapp-framework/ui/-/ui-0.2.0.tgz",
      "integrity": "sha512-oihlLPTw6MQnA5vxqBwzV+75RUYsB2xQsmPySD2SR34UNAyQYRgEYvCyrpeWY1wDNbcT/p3oyWvNLjIDO4jK/A==",
      "peerDependencies": {
        "@zapp-framework/core": "~0.2.0"
      }
    },
    "node_modules/@zapp-framework/watch": {
      "version": "0.2.0",
      "resolved": "https://registry.npmjs.org/@zapp-framework/watch/-/watch-0.2.0.tgz",
      "integrity": "sha512-V/TVM97ijtWsPV+TNkQNx+Rrs5LwYg4XVupH0uHHJqOyxBFr2P0KXiDFSFgCHmAYDyCfK6XL5NSW5lF+fCWHBQ==",
      "peerDependencies": {
        "@zapp-framework/core": "~0.2.0"
      }
    },
    "node_modules/@zeppos/device-types": {
      "version": "1.0.0",
      "resolved": "https://registry.npmjs.org/@zeppos/device-types/-/device-types-1.0.0.tgz",
      "integrity": "sha512-BuIropIsjjO0c3oZShw4t2o/7CoD1LIsaIGyMvtdOo4FyFZ4J386kwj1wrDl6k+ZLbjn1Mb2SEpq4XLa7hcDVg==",
      "dev": true
    }
  }
}
